
Microsoft Visual Studio Solution File, Format Version 12.00
# Visual Studio Version 17
VisualStudioVersion = 17.13.35828.75
MinimumVisualStudioVersion = 10.0.40219.1
Project("{FAE04EC0-301F-11D3-BF4B-00C04F79EFBC}") = "ZooApi", "WebApplication1\ZooApi.csproj", "{20A63BDB-4C9A-429B-96CD-6D5F73915757}"
EndProject
Global
	GlobalSection(SolutionConfigurationPlatforms) = preSolution
		Debug|Any CPU = Debug|Any CPU
		Release|Any CPU = Release|Any CPU
	EndGlobalSection
	GlobalSection(ProjectConfigurationPlatforms) = postSolution
		{20A63BDB-4C9A-429B-96CD-6D5F73915757}.Debug|Any CPU.ActiveCfg = Debug|Any CPU
		{20A63BDB-4C9A-429B-96CD-6D5F73915757}.Debug|Any CPU.Build.0 = Debug|Any CPU
		{20A63BDB-4C9A-429B-96CD-6D5F73915757}.Release|Any CPU.ActiveCfg = Release|Any CPU
		{20A63BDB-4C9A-429B-96CD-6D5F73915757}.Release|Any CPU.Build.0 = Release|Any CPU
	EndGlobalSection
	GlobalSection(SolutionProperties) = preSolution
		HideSolutionNode = FALSE
	EndGlobalSection
	GlobalSection(ExtensibilityGlobals) = postSolution
		SolutionGuid = {A51BD64B-561A-49EE-AA73-8FE3BC294BF9}
	EndGlobalSection
EndGlobal
